
Microsoft Visual Studio Solution File, Format Version 9.00
# Visual Studio 2005
Project("{8BC9CEB8-8B4A-11D0-8D11-00A0C91BC942}") = "TEST", "DLLModule2005.vcproj", "{652C7D60-BC02-4E09-96DD-930012345679}"
	ProjectSection(ProjectDependencies) = postProject
		{91D208A6-9936-47FD-9659-67205C3EB0AB} = {91D208A6-9936-47FD-9659-67205C3EB0AB}
		{24CAEC08-5ADD-4CAB-ADF1-7DF0BA63D1D6} = {24CAEC08-5ADD-4CAB-ADF1-7DF0BA63D1D6}
	EndProjectSection
EndProject
Project("{8BC9CEB8-8B4A-11D0-8D11-00A0C91BC942}") = "AtgFramework", "..\ATG\AtgFramework2005.vcproj", "{91D208A6-9936-47FD-9659-67205C3EB0AB}"
EndProject
Project("{8BC9CEB8-8B4A-11D0-8D11-00A0C91BC942}") = "LUA", "..\LUA\LUA.vcproj", "{24CAEC08-5ADD-4CAB-ADF1-7DF0BA63D1D6}"
EndProject
Project("{8BC9CEB8-8B4A-11D0-8D11-00A0C91BC942}") = "hkBase", "..\hkx550\Common\Base\hkBase_xbox360_8-0.vcproj", "{6B820F4E-8ADA-487B-88A2-D74B03CD0669}"
EndProject
Project("{8BC9CEB8-8B4A-11D0-8D11-00A0C91BC942}") = "hkVisualize", "..\HCT300-510\Common\Visualize\hkVisualize_xbox360_8-0.vcproj", "{475D4C95-2FB4-4531-9215-9EF5602EF252}"
EndProject
Project("{8BC9CEB8-8B4A-11D0-8D11-00A0C91BC942}") = "hkSceneData", "..\HCT300-510\Common\SceneData\hkSceneData_xbox360_8-0.vcproj", "{D9898BA0-B74C-404F-B858-9CDAF2F6032B}"
EndProject
Project("{8BC9CEB8-8B4A-11D0-8D11-00A0C91BC942}") = "hkCompat", "..\HCT300-510\Common\Compat\hkCompat_xbox360_8-0.vcproj", "{DCBE15A7-C758-46A5-AB73-1450CC710DCA}"
EndProject
Project("{8BC9CEB8-8B4A-11D0-8D11-00A0C91BC942}") = "hkpUtilities", "..\HCT300-510\Physics\Utilities\hkpUtilities_xbox360_8-0.vcproj", "{B31BB6F5-0C37-4169-A2B0-282B316CAD64}"
EndProject
Project("{8BC9CEB8-8B4A-11D0-8D11-00A0C91BC942}") = "hkpVehicle", "..\HCT300-510\Physics\Vehicle\hkpVehicle_xbox360_8-0.vcproj", "{12C56573-EE49-4DD7-B3BF-53550A8C0435}"
EndProject
Global
	GlobalSection(SolutionConfigurationPlatforms) = preSolution
		Debug Multithreaded|Xbox 360 = Debug Multithreaded|Xbox 360
		Debug|Xbox 360 = Debug|Xbox 360
		FullDebug Multithreaded|Xbox 360 = FullDebug Multithreaded|Xbox 360
		Profile_FastCap|Xbox 360 = Profile_FastCap|Xbox 360
		Profile|Xbox 360 = Profile|Xbox 360
		Release Multithreaded|Xbox 360 = Release Multithreaded|Xbox 360
		Release_LTCG|Xbox 360 = Release_LTCG|Xbox 360
		Release|Xbox 360 = Release|Xbox 360
	EndGlobalSection
	GlobalSection(ProjectConfigurationPlatforms) = postSolution
		{652C7D60-BC02-4E09-96DD-930012345679}.Debug Multithreaded|Xbox 360.ActiveCfg = Debug|Xbox 360
		{652C7D60-BC02-4E09-96DD-930012345679}.Debug Multithreaded|Xbox 360.Build.0 = Debug|Xbox 360
		{652C7D60-BC02-4E09-96DD-930012345679}.Debug|Xbox 360.ActiveCfg = Debug|Xbox 360
		{652C7D60-BC02-4E09-96DD-930012345679}.Debug|Xbox 360.Build.0 = Debug|Xbox 360
		{652C7D60-BC02-4E09-96DD-930012345679}.FullDebug Multithreaded|Xbox 360.ActiveCfg = Debug|Xbox 360
		{652C7D60-BC02-4E09-96DD-930012345679}.FullDebug Multithreaded|Xbox 360.Build.0 = Debug|Xbox 360
		{652C7D60-BC02-4E09-96DD-930012345679}.Profile_FastCap|Xbox 360.ActiveCfg = Profile_FastCap|Xbox 360
		{652C7D60-BC02-4E09-96DD-930012345679}.Profile_FastCap|Xbox 360.Build.0 = Profile_FastCap|Xbox 360
		{652C7D60-BC02-4E09-96DD-930012345679}.Profile|Xbox 360.ActiveCfg = Profile|Xbox 360
		{652C7D60-BC02-4E09-96DD-930012345679}.Profile|Xbox 360.Build.0 = Profile|Xbox 360
		{652C7D60-BC02-4E09-96DD-930012345679}.Release Multithreaded|Xbox 360.ActiveCfg = Release_LTCG|Xbox 360
		{652C7D60-BC02-4E09-96DD-930012345679}.Release Multithreaded|Xbox 360.Build.0 = Release_LTCG|Xbox 360
		{652C7D60-BC02-4E09-96DD-930012345679}.Release_LTCG|Xbox 360.ActiveCfg = Release_LTCG|Xbox 360
		{652C7D60-BC02-4E09-96DD-930012345679}.Release_LTCG|Xbox 360.Build.0 = Release_LTCG|Xbox 360
		{652C7D60-BC02-4E09-96DD-930012345679}.Release|Xbox 360.ActiveCfg = Release|Xbox 360
		{652C7D60-BC02-4E09-96DD-930012345679}.Release|Xbox 360.Build.0 = Release|Xbox 360
		{91D208A6-9936-47FD-9659-67205C3EB0AB}.Debug Multithreaded|Xbox 360.ActiveCfg = Debug|Xbox 360
		{91D208A6-9936-47FD-9659-67205C3EB0AB}.Debug Multithreaded|Xbox 360.Build.0 = Debug|Xbox 360
		{91D208A6-9936-47FD-9659-67205C3EB0AB}.Debug|Xbox 360.ActiveCfg = Debug|Xbox 360
		{91D208A6-9936-47FD-9659-67205C3EB0AB}.Debug|Xbox 360.Build.0 = Debug|Xbox 360
		{91D208A6-9936-47FD-9659-67205C3EB0AB}.FullDebug Multithreaded|Xbox 360.ActiveCfg = Debug|Xbox 360
		{91D208A6-9936-47FD-9659-67205C3EB0AB}.FullDebug Multithreaded|Xbox 360.Build.0 = Debug|Xbox 360
		{91D208A6-9936-47FD-9659-67205C3EB0AB}.Profile_FastCap|Xbox 360.ActiveCfg = Profile_FastCap|Xbox 360
		{91D208A6-9936-47FD-9659-67205C3EB0AB}.Profile_FastCap|Xbox 360.Build.0 = Profile_FastCap|Xbox 360
		{91D208A6-9936-47FD-9659-67205C3EB0AB}.Profile|Xbox 360.ActiveCfg = Profile|Xbox 360
		{91D208A6-9936-47FD-9659-67205C3EB0AB}.Profile|Xbox 360.Build.0 = Profile|Xbox 360
		{91D208A6-9936-47FD-9659-67205C3EB0AB}.Release Multithreaded|Xbox 360.ActiveCfg = Release_LTCG|Xbox 360
		{91D208A6-9936-47FD-9659-67205C3EB0AB}.Release Multithreaded|Xbox 360.Build.0 = Release_LTCG|Xbox 360
		{91D208A6-9936-47FD-9659-67205C3EB0AB}.Release_LTCG|Xbox 360.ActiveCfg = Release_LTCG|Xbox 360
		{91D208A6-9936-47FD-9659-67205C3EB0AB}.Release_LTCG|Xbox 360.Build.0 = Release_LTCG|Xbox 360
		{91D208A6-9936-47FD-9659-67205C3EB0AB}.Release|Xbox 360.ActiveCfg = Release|Xbox 360
		{91D208A6-9936-47FD-9659-67205C3EB0AB}.Release|Xbox 360.Build.0 = Release|Xbox 360
		{24CAEC08-5ADD-4CAB-ADF1-7DF0BA63D1D6}.Debug Multithreaded|Xbox 360.ActiveCfg = Debug|Xbox 360
		{24CAEC08-5ADD-4CAB-ADF1-7DF0BA63D1D6}.Debug Multithreaded|Xbox 360.Build.0 = Debug|Xbox 360
		{24CAEC08-5ADD-4CAB-ADF1-7DF0BA63D1D6}.Debug|Xbox 360.ActiveCfg = Debug|Xbox 360
		{24CAEC08-5ADD-4CAB-ADF1-7DF0BA63D1D6}.Debug|Xbox 360.Build.0 = Debug|Xbox 360
		{24CAEC08-5ADD-4CAB-ADF1-7DF0BA63D1D6}.FullDebug Multithreaded|Xbox 360.ActiveCfg = Debug|Xbox 360
		{24CAEC08-5ADD-4CAB-ADF1-7DF0BA63D1D6}.FullDebug Multithreaded|Xbox 360.Build.0 = Debug|Xbox 360
		{24CAEC08-5ADD-4CAB-ADF1-7DF0BA63D1D6}.Profile_FastCap|Xbox 360.ActiveCfg = Profile_FastCap|Xbox 360
		{24CAEC08-5ADD-4CAB-ADF1-7DF0BA63D1D6}.Profile_FastCap|Xbox 360.Build.0 = Profile_FastCap|Xbox 360
		{24CAEC08-5ADD-4CAB-ADF1-7DF0BA63D1D6}.Profile|Xbox 360.ActiveCfg = Profile|Xbox 360
		{24CAEC08-5ADD-4CAB-ADF1-7DF0BA63D1D6}.Profile|Xbox 360.Build.0 = Profile|Xbox 360
		{24CAEC08-5ADD-4CAB-ADF1-7DF0BA63D1D6}.Release Multithreaded|Xbox 360.ActiveCfg = Release_LTCG|Xbox 360
		{24CAEC08-5ADD-4CAB-ADF1-7DF0BA63D1D6}.Release Multithreaded|Xbox 360.Build.0 = Release_LTCG|Xbox 360
		{24CAEC08-5ADD-4CAB-ADF1-7DF0BA63D1D6}.Release_LTCG|Xbox 360.ActiveCfg = Release_LTCG|Xbox 360
		{24CAEC08-5ADD-4CAB-ADF1-7DF0BA63D1D6}.Release_LTCG|Xbox 360.Build.0 = Release_LTCG|Xbox 360
		{24CAEC08-5ADD-4CAB-ADF1-7DF0BA63D1D6}.Release|Xbox 360.ActiveCfg = Release|Xbox 360
		{24CAEC08-5ADD-4CAB-ADF1-7DF0BA63D1D6}.Release|Xbox 360.Build.0 = Release|Xbox 360
		{6B820F4E-8ADA-487B-88A2-D74B03CD0669}.Debug Multithreaded|Xbox 360.ActiveCfg = Debug Multithreaded|Xbox 360
		{6B820F4E-8ADA-487B-88A2-D74B03CD0669}.Debug Multithreaded|Xbox 360.Build.0 = Debug Multithreaded|Xbox 360
		{6B820F4E-8ADA-487B-88A2-D74B03CD0669}.Debug|Xbox 360.ActiveCfg = Debug Multithreaded|Xbox 360
		{6B820F4E-8ADA-487B-88A2-D74B03CD0669}.Debug|Xbox 360.Build.0 = Debug Multithreaded|Xbox 360
		{6B820F4E-8ADA-487B-88A2-D74B03CD0669}.FullDebug Multithreaded|Xbox 360.ActiveCfg = FullDebug Multithreaded|Xbox 360
		{6B820F4E-8ADA-487B-88A2-D74B03CD0669}.FullDebug Multithreaded|Xbox 360.Build.0 = FullDebug Multithreaded|Xbox 360
		{6B820F4E-8ADA-487B-88A2-D74B03CD0669}.Profile_FastCap|Xbox 360.ActiveCfg = Debug Multithreaded|Xbox 360
		{6B820F4E-8ADA-487B-88A2-D74B03CD0669}.Profile_FastCap|Xbox 360.Build.0 = Debug Multithreaded|Xbox 360
		{6B820F4E-8ADA-487B-88A2-D74B03CD0669}.Profile|Xbox 360.ActiveCfg = Debug Multithreaded|Xbox 360
		{6B820F4E-8ADA-487B-88A2-D74B03CD0669}.Profile|Xbox 360.Build.0 = Debug Multithreaded|Xbox 360
		{6B820F4E-8ADA-487B-88A2-D74B03CD0669}.Release Multithreaded|Xbox 360.ActiveCfg = Release Multithreaded|Xbox 360
		{6B820F4E-8ADA-487B-88A2-D74B03CD0669}.Release Multithreaded|Xbox 360.Build.0 = Release Multithreaded|Xbox 360
		{6B820F4E-8ADA-487B-88A2-D74B03CD0669}.Release_LTCG|Xbox 360.ActiveCfg = Release Multithreaded|Xbox 360
		{6B820F4E-8ADA-487B-88A2-D74B03CD0669}.Release_LTCG|Xbox 360.Build.0 = Release Multithreaded|Xbox 360
		{6B820F4E-8ADA-487B-88A2-D74B03CD0669}.Release|Xbox 360.ActiveCfg = Release Multithreaded|Xbox 360
		{6B820F4E-8ADA-487B-88A2-D74B03CD0669}.Release|Xbox 360.Build.0 = Release Multithreaded|Xbox 360
		{475D4C95-2FB4-4531-9215-9EF5602EF252}.Debug Multithreaded|Xbox 360.ActiveCfg = Debug Multithreaded|Xbox 360
		{475D4C95-2FB4-4531-9215-9EF5602EF252}.Debug Multithreaded|Xbox 360.Build.0 = Debug Multithreaded|Xbox 360
		{475D4C95-2FB4-4531-9215-9EF5602EF252}.Debug|Xbox 360.ActiveCfg = Debug Multithreaded|Xbox 360
		{475D4C95-2FB4-4531-9215-9EF5602EF252}.Debug|Xbox 360.Build.0 = Debug Multithreaded|Xbox 360
		{475D4C95-2FB4-4531-9215-9EF5602EF252}.FullDebug Multithreaded|Xbox 360.ActiveCfg = FullDebug Multithreaded|Xbox 360
		{475D4C95-2FB4-4531-9215-9EF5602EF252}.FullDebug Multithreaded|Xbox 360.Build.0 = FullDebug Multithreaded|Xbox 360
		{475D4C95-2FB4-4531-9215-9EF5602EF252}.Profile_FastCap|Xbox 360.ActiveCfg = Debug Multithreaded|Xbox 360
		{475D4C95-2FB4-4531-9215-9EF5602EF252}.Profile_FastCap|Xbox 360.Build.0 = Debug Multithreaded|Xbox 360
		{475D4C95-2FB4-4531-9215-9EF5602EF252}.Profile|Xbox 360.ActiveCfg = Debug Multithreaded|Xbox 360
		{475D4C95-2FB4-4531-9215-9EF5602EF252}.Profile|Xbox 360.Build.0 = Debug Multithreaded|Xbox 360
		{475D4C95-2FB4-4531-9215-9EF5602EF252}.Release Multithreaded|Xbox 360.ActiveCfg = Release Multithreaded|Xbox 360
		{475D4C95-2FB4-4531-9215-9EF5602EF252}.Release Multithreaded|Xbox 360.Build.0 = Release Multithreaded|Xbox 360
		{475D4C95-2FB4-4531-9215-9EF5602EF252}.Release_LTCG|Xbox 360.ActiveCfg = Release Multithreaded|Xbox 360
		{475D4C95-2FB4-4531-9215-9EF5602EF252}.Release_LTCG|Xbox 360.Build.0 = Release Multithreaded|Xbox 360
		{475D4C95-2FB4-4531-9215-9EF5602EF252}.Release|Xbox 360.ActiveCfg = Release Multithreaded|Xbox 360
		{475D4C95-2FB4-4531-9215-9EF5602EF252}.Release|Xbox 360.Build.0 = Release Multithreaded|Xbox 360
		{D9898BA0-B74C-404F-B858-9CDAF2F6032B}.Debug Multithreaded|Xbox 360.ActiveCfg = Debug Multithreaded|Xbox 360
		{D9898BA0-B74C-404F-B858-9CDAF2F6032B}.Debug Multithreaded|Xbox 360.Build.0 = Debug Multithreaded|Xbox 360
		{D9898BA0-B74C-404F-B858-9CDAF2F6032B}.Debug|Xbox 360.ActiveCfg = Debug Multithreaded|Xbox 360
		{D9898BA0-B74C-404F-B858-9CDAF2F6032B}.Debug|Xbox 360.Build.0 = Debug Multithreaded|Xbox 360
		{D9898BA0-B74C-404F-B858-9CDAF2F6032B}.FullDebug Multithreaded|Xbox 360.ActiveCfg = FullDebug Multithreaded|Xbox 360
		{D9898BA0-B74C-404F-B858-9CDAF2F6032B}.FullDebug Multithreaded|Xbox 360.Build.0 = FullDebug Multithreaded|Xbox 360
		{D9898BA0-B74C-404F-B858-9CDAF2F6032B}.Profile_FastCap|Xbox 360.ActiveCfg = Debug Multithreaded|Xbox 360
		{D9898BA0-B74C-404F-B858-9CDAF2F6032B}.Profile_FastCap|Xbox 360.Build.0 = Debug Multithreaded|Xbox 360
		{D9898BA0-B74C-404F-B858-9CDAF2F6032B}.Profile|Xbox 360.ActiveCfg = Debug Multithreaded|Xbox 360
		{D9898BA0-B74C-404F-B858-9CDAF2F6032B}.Profile|Xbox 360.Build.0 = Debug Multithreaded|Xbox 360
		{D9898BA0-B74C-404F-B858-9CDAF2F6032B}.Release Multithreaded|Xbox 360.ActiveCfg = Release Multithreaded|Xbox 360
		{D9898BA0-B74C-404F-B858-9CDAF2F6032B}.Release Multithreaded|Xbox 360.Build.0 = Release Multithreaded|Xbox 360
		{D9898BA0-B74C-404F-B858-9CDAF2F6032B}.Release_LTCG|Xbox 360.ActiveCfg = Release Multithreaded|Xbox 360
		{D9898BA0-B74C-404F-B858-9CDAF2F6032B}.Release_LTCG|Xbox 360.Build.0 = Release Multithreaded|Xbox 360
		{D9898BA0-B74C-404F-B858-9CDAF2F6032B}.Release|Xbox 360.ActiveCfg = Release Multithreaded|Xbox 360
		{D9898BA0-B74C-404F-B858-9CDAF2F6032B}.Release|Xbox 360.Build.0 = Release Multithreaded|Xbox 360
		{DCBE15A7-C758-46A5-AB73-1450CC710DCA}.Debug Multithreaded|Xbox 360.ActiveCfg = Debug Multithreaded|Xbox 360
		{DCBE15A7-C758-46A5-AB73-1450CC710DCA}.Debug Multithreaded|Xbox 360.Build.0 = Debug Multithreaded|Xbox 360
		{DCBE15A7-C758-46A5-AB73-1450CC710DCA}.Debug|Xbox 360.ActiveCfg = Debug Multithreaded|Xbox 360
		{DCBE15A7-C758-46A5-AB73-1450CC710DCA}.Debug|Xbox 360.Build.0 = Debug Multithreaded|Xbox 360
		{DCBE15A7-C758-46A5-AB73-1450CC710DCA}.FullDebug Multithreaded|Xbox 360.ActiveCfg = FullDebug Multithreaded|Xbox 360
		{DCBE15A7-C758-46A5-AB73-1450CC710DCA}.FullDebug Multithreaded|Xbox 360.Build.0 = FullDebug Multithreaded|Xbox 360
		{DCBE15A7-C758-46A5-AB73-1450CC710DCA}.Profile_FastCap|Xbox 360.ActiveCfg = Debug Multithreaded|Xbox 360
		{DCBE15A7-C758-46A5-AB73-1450CC710DCA}.Profile_FastCap|Xbox 360.Build.0 = Debug Multithreaded|Xbox 360
		{DCBE15A7-C758-46A5-AB73-1450CC710DCA}.Profile|Xbox 360.ActiveCfg = Debug Multithreaded|Xbox 360
		{DCBE15A7-C758-46A5-AB73-1450CC710DCA}.Profile|Xbox 360.Build.0 = Debug Multithreaded|Xbox 360
		{DCBE15A7-C758-46A5-AB73-1450CC710DCA}.Release Multithreaded|Xbox 360.ActiveCfg = Release Multithreaded|Xbox 360
		{DCBE15A7-C758-46A5-AB73-1450CC710DCA}.Release Multithreaded|Xbox 360.Build.0 = Release Multithreaded|Xbox 360
		{DCBE15A7-C758-46A5-AB73-1450CC710DCA}.Release_LTCG|Xbox 360.ActiveCfg = Release Multithreaded|Xbox 360
		{DCBE15A7-C758-46A5-AB73-1450CC710DCA}.Release_LTCG|Xbox 360.Build.0 = Release Multithreaded|Xbox 360
		{DCBE15A7-C758-46A5-AB73-1450CC710DCA}.Release|Xbox 360.ActiveCfg = Release Multithreaded|Xbox 360
		{DCBE15A7-C758-46A5-AB73-1450CC710DCA}.Release|Xbox 360.Build.0 = Release Multithreaded|Xbox 360
		{B31BB6F5-0C37-4169-A2B0-282B316CAD64}.Debug Multithreaded|Xbox 360.ActiveCfg = Debug Multithreaded|Xbox 360
		{B31BB6F5-0C37-4169-A2B0-282B316CAD64}.Debug Multithreaded|Xbox 360.Build.0 = Debug Multithreaded|Xbox 360
		{B31BB6F5-0C37-4169-A2B0-282B316CAD64}.Debug|Xbox 360.ActiveCfg = Debug Multithreaded|Xbox 360
		{B31BB6F5-0C37-4169-A2B0-282B316CAD64}.Debug|Xbox 360.Build.0 = Debug Multithreaded|Xbox 360
		{B31BB6F5-0C37-4169-A2B0-282B316CAD64}.FullDebug Multithreaded|Xbox 360.ActiveCfg = FullDebug Multithreaded|Xbox 360
		{B31BB6F5-0C37-4169-A2B0-282B316CAD64}.FullDebug Multithreaded|Xbox 360.Build.0 = FullDebug Multithreaded|Xbox 360
		{B31BB6F5-0C37-4169-A2B0-282B316CAD64}.Profile_FastCap|Xbox 360.ActiveCfg = Debug Multithreaded|Xbox 360
		{B31BB6F5-0C37-4169-A2B0-282B316CAD64}.Profile_FastCap|Xbox 360.Build.0 = Debug Multithreaded|Xbox 360
		{B31BB6F5-0C37-4169-A2B0-282B316CAD64}.Profile|Xbox 360.ActiveCfg = Debug Multithreaded|Xbox 360
		{B31BB6F5-0C37-4169-A2B0-282B316CAD64}.Profile|Xbox 360.Build.0 = Debug Multithreaded|Xbox 360
		{B31BB6F5-0C37-4169-A2B0-282B316CAD64}.Release Multithreaded|Xbox 360.ActiveCfg = Release Multithreaded|Xbox 360
		{B31BB6F5-0C37-4169-A2B0-282B316CAD64}.Release Multithreaded|Xbox 360.Build.0 = Release Multithreaded|Xbox 360
		{B31BB6F5-0C37-4169-A2B0-282B316CAD64}.Release_LTCG|Xbox 360.ActiveCfg = Release Multithreaded|Xbox 360
		{B31BB6F5-0C37-4169-A2B0-282B316CAD64}.Release_LTCG|Xbox 360.Build.0 = Release Multithreaded|Xbox 360
		{B31BB6F5-0C37-4169-A2B0-282B316CAD64}.Release|Xbox 360.ActiveCfg = Release Multithreaded|Xbox 360
		{B31BB6F5-0C37-4169-A2B0-282B316CAD64}.Release|Xbox 360.Build.0 = Release Multithreaded|Xbox 360
		{12C56573-EE49-4DD7-B3BF-53550A8C0435}.Debug Multithreaded|Xbox 360.ActiveCfg = Debug Multithreaded|Xbox 360
		{12C56573-EE49-4DD7-B3BF-53550A8C0435}.Debug Multithreaded|Xbox 360.Build.0 = Debug Multithreaded|Xbox 360
		{12C56573-EE49-4DD7-B3BF-53550A8C0435}.Debug|Xbox 360.ActiveCfg = Debug Multithreaded|Xbox 360
		{12C56573-EE49-4DD7-B3BF-53550A8C0435}.Debug|Xbox 360.Build.0 = Debug Multithreaded|Xbox 360
		{12C56573-EE49-4DD7-B3BF-53550A8C0435}.FullDebug Multithreaded|Xbox 360.ActiveCfg = FullDebug Multithreaded|Xbox 360
		{12C56573-EE49-4DD7-B3BF-53550A8C0435}.FullDebug Multithreaded|Xbox 360.Build.0 = FullDebug Multithreaded|Xbox 360
		{12C56573-EE49-4DD7-B3BF-53550A8C0435}.Profile_FastCap|Xbox 360.ActiveCfg = Debug Multithreaded|Xbox 360
		{12C56573-EE49-4DD7-B3BF-53550A8C0435}.Profile_FastCap|Xbox 360.Build.0 = Debug Multithreaded|Xbox 360
		{12C56573-EE49-4DD7-B3BF-53550A8C0435}.Profile|Xbox 360.ActiveCfg = Debug Multithreaded|Xbox 360
		{12C56573-EE49-4DD7-B3BF-53550A8C0435}.Profile|Xbox 360.Build.0 = Debug Multithreaded|Xbox 360
		{12C56573-EE49-4DD7-B3BF-53550A8C0435}.Release Multithreaded|Xbox 360.ActiveCfg = Release Multithreaded|Xbox 360
		{12C56573-EE49-4DD7-B3BF-53550A8C0435}.Release Multithreaded|Xbox 360.Build.0 = Release Multithreaded|Xbox 360
		{12C56573-EE49-4DD7-B3BF-53550A8C0435}.Release_LTCG|Xbox 360.ActiveCfg = Release Multithreaded|Xbox 360
		{12C56573-EE49-4DD7-B3BF-53550A8C0435}.Release_LTCG|Xbox 360.Build.0 = Release Multithreaded|Xbox 360
		{12C56573-EE49-4DD7-B3BF-53550A8C0435}.Release|Xbox 360.ActiveCfg = Release Multithreaded|Xbox 360
		{12C56573-EE49-4DD7-B3BF-53550A8C0435}.Release|Xbox 360.Build.0 = Release Multithreaded|Xbox 360
	EndGlobalSection
	GlobalSection(SolutionProperties) = preSolution
		HideSolutionNode = FALSE
	EndGlobalSection
EndGlobal
